
Microsoft Visual Studio Solution File, Format Version 12.00
# Visual Studio Version 16
VisualStudioVersion = 16.0.33027.164
MinimumVisualStudioVersion = 10.0.40219.1
Project("{FAE04EC0-301F-11D3-BF4B-00C04F79EFBC}") = "Projekt.Android", "Projekt\Projekt.Android\Projekt.Android.csproj", "{9A91564D-D3BE-4175-9732-9729D4F0A136}"
EndProject
Project("{9A19103F-16F7-4668-BE54-9A1E7A4F7556}") = "Projekt", "Projekt\Projekt\Projekt.csproj", "{1FCBA09B-C242-4EE7-9638-5442DC4259F8}"
EndProject
Global
	GlobalSection(SolutionConfigurationPlatforms) = preSolution
		Debug|Any CPU = Debug|Any CPU
		Debug|iPhone = Debug|iPhone
		Debug|iPhoneSimulator = Debug|iPhoneSimulator
		Release|Any CPU = Release|Any CPU
		Release|iPhone = Release|iPhone
		Release|iPhoneSimulator = Release|iPhoneSimulator
	EndGlobalSection
	GlobalSection(ProjectConfigurationPlatforms) = postSolution
		{9A91564D-D3BE-4175-9732-9729D4F0A136}.Debug|Any CPU.ActiveCfg = Debug|Any CPU
		{9A91564D-D3BE-4175-9732-9729D4F0A136}.Debug|Any CPU.Build.0 = Debug|Any CPU
		{9A91564D-D3BE-4175-9732-9729D4F0A136}.Debug|Any CPU.Deploy.0 = Debug|Any CPU
		{9A91564D-D3BE-4175-9732-9729D4F0A136}.Debug|iPhone.ActiveCfg = Debug|Any CPU
		{9A91564D-D3BE-4175-9732-9729D4F0A136}.Debug|iPhone.Build.0 = Debug|Any CPU
		{9A91564D-D3BE-4175-9732-9729D4F0A136}.Debug|iPhone.Deploy.0 = Debug|Any CPU
		{9A91564D-D3BE-4175-9732-9729D4F0A136}.Debug|iPhoneSimulator.ActiveCfg = Debug|Any CPU
		{9A91564D-D3BE-4175-9732-9729D4F0A136}.Debug|iPhoneSimulator.Build.0 = Debug|Any CPU
		{9A91564D-D3BE-4175-9732-9729D4F0A136}.Debug|iPhoneSimulator.Deploy.0 = Debug|Any CPU
		{9A91564D-D3BE-4175-9732-9729D4F0A136}.Release|Any CPU.ActiveCfg = Release|Any CPU
		{9A91564D-D3BE-4175-9732-9729D4F0A136}.Release|Any CPU.Build.0 = Release|Any CPU
		{9A91564D-D3BE-4175-9732-9729D4F0A136}.Release|Any CPU.Deploy.0 = Release|Any CPU
		{9A91564D-D3BE-4175-9732-9729D4F0A136}.Release|iPhone.ActiveCfg = Release|Any CPU
		{9A91564D-D3BE-4175-9732-9729D4F0A136}.Release|iPhone.Build.0 = Release|Any CPU
		{9A91564D-D3BE-4175-9732-9729D4F0A136}.Release|iPhone.Deploy.0 = Release|Any CPU
		{9A91564D-D3BE-4175-9732-9729D4F0A136}.Release|iPhoneSimulator.ActiveCfg = Release|Any CPU
		{9A91564D-D3BE-4175-9732-9729D4F0A136}.Release|iPhoneSimulator.Build.0 = Release|Any CPU
		{9A91564D-D3BE-4175-9732-9729D4F0A136}.Release|iPhoneSimulator.Deploy.0 = Release|Any CPU
		{1FCBA09B-C242-4EE7-9638-5442DC4259F8}.Debug|Any CPU.ActiveCfg = Debug|Any CPU
		{1FCBA09B-C242-4EE7-9638-5442DC4259F8}.Debug|Any CPU.Build.0 = Debug|Any CPU
		{1FCBA09B-C242-4EE7-9638-5442DC4259F8}.Debug|Any CPU.Deploy.0 = Debug|Any CPU
		{1FCBA09B-C242-4EE7-9638-5442DC4259F8}.Debug|iPhone.ActiveCfg = Debug|Any CPU
		{1FCBA09B-C242-4EE7-9638-5442DC4259F8}.Debug|iPhone.Build.0 = Debug|Any CPU
		{1FCBA09B-C242-4EE7-9638-5442DC4259F8}.Debug|iPhone.Deploy.0 = Debug|Any CPU
		{1FCBA09B-C242-4EE7-9638-5442DC4259F8}.Debug|iPhoneSimulator.ActiveCfg = Debug|Any CPU
		{1FCBA09B-C242-4EE7-9638-5442DC4259F8}.Debug|iPhoneSimulator.Build.0 = Debug|Any CPU
		{1FCBA09B-C242-4EE7-9638-5442DC4259F8}.Debug|iPhoneSimulator.Deploy.0 = Debug|Any CPU
		{1FCBA09B-C242-4EE7-9638-5442DC4259F8}.Release|Any CPU.ActiveCfg = Release|Any CPU
		{1FCBA09B-C242-4EE7-9638-5442DC4259F8}.Release|Any CPU.Build.0 = Release|Any CPU
		{1FCBA09B-C242-4EE7-9638-5442DC4259F8}.Release|Any CPU.Deploy.0 = Release|Any CPU
		{1FCBA09B-C242-4EE7-9638-5442DC4259F8}.Release|iPhone.ActiveCfg = Release|Any CPU
		{1FCBA09B-C242-4EE7-9638-5442DC4259F8}.Release|iPhone.Build.0 = Release|Any CPU
		{1FCBA09B-C242-4EE7-9638-5442DC4259F8}.Release|iPhone.Deploy.0 = Release|Any CPU
		{1FCBA09B-C242-4EE7-9638-5442DC4259F8}.Release|iPhoneSimulator.ActiveCfg = Release|Any CPU
		{1FCBA09B-C242-4EE7-9638-5442DC4259F8}.Release|iPhoneSimulator.Build.0 = Release|Any CPU
		{1FCBA09B-C242-4EE7-9638-5442DC4259F8}.Release|iPhoneSimulator.Deploy.0 = Release|Any CPU
	EndGlobalSection
	GlobalSection(SolutionProperties) = preSolution
		HideSolutionNode = FALSE
	EndGlobalSection
	GlobalSection(ExtensibilityGlobals) = postSolution
		SolutionGuid = {E3B904C8-6F11-4F20-833C-FB3A76D38D27}
	EndGlobalSection
EndGlobal
